
Microsoft Visual Studio Solution File, Format Version 12.00
Project("{FAE04EC0-301F-11D3-BF4B-00C04F79EFBC}") = "DataConcurrency", "DataConcurrency\DataConcurrency.csproj", "{BEBA96EB-46FB-451F-AECB-67E28F47E56E}"
EndProject
Global
	GlobalSection(SolutionConfigurationPlatforms) = preSolution
		Debug|Any CPU = Debug|Any CPU
		Release|Any CPU = Release|Any CPU
	EndGlobalSection
	GlobalSection(ProjectConfigurationPlatforms) = postSolution
		{BEBA96EB-46FB-451F-AECB-67E28F47E56E}.Debug|Any CPU.ActiveCfg = Debug|Any CPU
		{BEBA96EB-46FB-451F-AECB-67E28F47E56E}.Debug|Any CPU.Build.0 = Debug|Any CPU
		{BEBA96EB-46FB-451F-AECB-67E28F47E56E}.Release|Any CPU.ActiveCfg = Release|Any CPU
		{BEBA96EB-46FB-451F-AECB-67E28F47E56E}.Release|Any CPU.Build.0 = Release|Any CPU
	EndGlobalSection
EndGlobal
